
Microsoft Visual Studio Solution File, Format Version 12.00
# Visual Studio Version 16
VisualStudioVersion = 16.0.30204.135
MinimumVisualStudioVersion = 10.0.40219.1
Project("{8BC9CEB8-8B4A-11D0-8D11-00A0C91BC942}") = "eram", "eram.vcxproj", "{1CD3D35A-50A8-4CDC-929C-3C026D4AD5D9}"
EndProject
Global
	GlobalSection(SolutionConfigurationPlatforms) = preSolution
		Debug|x64 = Debug|x64
		Debug|x86 = Debug|x86
		Release|x64 = Release|x64
		Release|x86 = Release|x86
	EndGlobalSection
	GlobalSection(ProjectConfigurationPlatforms) = postSolution
		{1CD3D35A-50A8-4CDC-929C-3C026D4AD5D9}.Debug|x64.ActiveCfg = Debug|x64
		{1CD3D35A-50A8-4CDC-929C-3C026D4AD5D9}.Debug|x64.Build.0 = Debug|x64
		{1CD3D35A-50A8-4CDC-929C-3C026D4AD5D9}.Debug|x86.ActiveCfg = Debug|Win32
		{1CD3D35A-50A8-4CDC-929C-3C026D4AD5D9}.Debug|x86.Build.0 = Debug|Win32
		{1CD3D35A-50A8-4CDC-929C-3C026D4AD5D9}.Release|x64.ActiveCfg = Release|x64
		{1CD3D35A-50A8-4CDC-929C-3C026D4AD5D9}.Release|x64.Build.0 = Release|x64
		{1CD3D35A-50A8-4CDC-929C-3C026D4AD5D9}.Release|x86.ActiveCfg = Release|Win32
		{1CD3D35A-50A8-4CDC-929C-3C026D4AD5D9}.Release|x86.Build.0 = Release|Win32
	EndGlobalSection
	GlobalSection(SolutionProperties) = preSolution
		HideSolutionNode = FALSE
	EndGlobalSection
	GlobalSection(ExtensibilityGlobals) = postSolution
		SolutionGuid = {0560D871-61CF-4C6A-B33D-639AED5BA2AE}
	EndGlobalSection
EndGlobal
